
Microsoft Visual Studio Solution File, Format Version 12.00
# Visual Studio 15
VisualStudioVersion = 15.0.28307.1062
MinimumVisualStudioVersion = 10.0.40219.1
Project("{FAE04EC0-301F-11D3-BF4B-00C04F79EFBC}") = "SortAlgoritms", "SortAlgoritms\SortAlgoritms.csproj", "{7F0DD9E0-E0BA-48EC-8C46-E52A9BF1802F}"
EndProject
Project("{FAE04EC0-301F-11D3-BF4B-00C04F79EFBC}") = "AlgorithmsBaseClass", "AlgorithmsBaseClass\AlgorithmsBaseClass.csproj", "{97ED976D-30BC-4E3F-B169-D4094B286454}"
EndProject
Project("{FAE04EC0-301F-11D3-BF4B-00C04F79EFBC}") = "AlgorithmsBaseClassTests", "AlgorithmsBaseClassTests\AlgorithmsBaseClassTests.csproj", "{2F7A35DB-66D4-455F-9E14-B8444A128966}"
EndProject
Global
	GlobalSection(SolutionConfigurationPlatforms) = preSolution
		Debug|Any CPU = Debug|Any CPU
		Release|Any CPU = Release|Any CPU
	EndGlobalSection
	GlobalSection(ProjectConfigurationPlatforms) = postSolution
		{7F0DD9E0-E0BA-48EC-8C46-E52A9BF1802F}.Debug|Any CPU.ActiveCfg = Debug|Any CPU
		{7F0DD9E0-E0BA-48EC-8C46-E52A9BF1802F}.Debug|Any CPU.Build.0 = Debug|Any CPU
		{7F0DD9E0-E0BA-48EC-8C46-E52A9BF1802F}.Release|Any CPU.ActiveCfg = Release|Any CPU
		{7F0DD9E0-E0BA-48EC-8C46-E52A9BF1802F}.Release|Any CPU.Build.0 = Release|Any CPU
		{97ED976D-30BC-4E3F-B169-D4094B286454}.Debug|Any CPU.ActiveCfg = Debug|Any CPU
		{97ED976D-30BC-4E3F-B169-D4094B286454}.Debug|Any CPU.Build.0 = Debug|Any CPU
		{97ED976D-30BC-4E3F-B169-D4094B286454}.Release|Any CPU.ActiveCfg = Release|Any CPU
		{97ED976D-30BC-4E3F-B169-D4094B286454}.Release|Any CPU.Build.0 = Release|Any CPU
		{2F7A35DB-66D4-455F-9E14-B8444A128966}.Debug|Any CPU.ActiveCfg = Debug|Any CPU
		{2F7A35DB-66D4-455F-9E14-B8444A128966}.Debug|Any CPU.Build.0 = Debug|Any CPU
		{2F7A35DB-66D4-455F-9E14-B8444A128966}.Release|Any CPU.ActiveCfg = Release|Any CPU
		{2F7A35DB-66D4-455F-9E14-B8444A128966}.Release|Any CPU.Build.0 = Release|Any CPU
	EndGlobalSection
	GlobalSection(SolutionProperties) = preSolution
		HideSolutionNode = FALSE
	EndGlobalSection
	GlobalSection(ExtensibilityGlobals) = postSolution
		SolutionGuid = {D69AC4A8-E432-4F10-AF1E-01622517E280}
	EndGlobalSection
EndGlobal
